
Microsoft Visual Studio Solution File, Format Version 12.00
# Visual Studio Version 17
VisualStudioVersion = 17.8.34309.116
MinimumVisualStudioVersion = 10.0.40219.1
Project("{FAE04EC0-301F-11D3-BF4B-00C04F79EFBC}") = "Whataday+Year", "Whataday+Year.csproj", "{FEED6E79-4132-4190-83B3-7EEEAD21A05F}"
EndProject
Global
	GlobalSection(SolutionConfigurationPlatforms) = preSolution
		Debug|Any CPU = Debug|Any CPU
		Release|Any CPU = Release|Any CPU
	EndGlobalSection
	GlobalSection(ProjectConfigurationPlatforms) = postSolution
		{FEED6E79-4132-4190-83B3-7EEEAD21A05F}.Debug|Any CPU.ActiveCfg = Debug|Any CPU
		{FEED6E79-4132-4190-83B3-7EEEAD21A05F}.Debug|Any CPU.Build.0 = Debug|Any CPU
		{FEED6E79-4132-4190-83B3-7EEEAD21A05F}.Release|Any CPU.ActiveCfg = Release|Any CPU
		{FEED6E79-4132-4190-83B3-7EEEAD21A05F}.Release|Any CPU.Build.0 = Release|Any CPU
	EndGlobalSection
	GlobalSection(SolutionProperties) = preSolution
		HideSolutionNode = FALSE
	EndGlobalSection
	GlobalSection(ExtensibilityGlobals) = postSolution
		SolutionGuid = {E27416DD-82CF-4DAB-951B-D430E7E511E7}
	EndGlobalSection
EndGlobal
